
Microsoft Visual Studio Solution File, Format Version 12.00
# Visual Studio Version 16
VisualStudioVersion = 16.0.31729.503
MinimumVisualStudioVersion = 10.0.40219.1
Project("{FAE04EC0-301F-11D3-BF4B-00C04F79EFBC}") = "myWebsite", "myWebsite.csproj", "{ED772B24-12B8-47F8-8A75-C8374FB85052}"
EndProject
Global
	GlobalSection(SolutionConfigurationPlatforms) = preSolution
		Debug|Any CPU = Debug|Any CPU
		Release|Any CPU = Release|Any CPU
	EndGlobalSection
	GlobalSection(ProjectConfigurationPlatforms) = postSolution
		{ED772B24-12B8-47F8-8A75-C8374FB85052}.Debug|Any CPU.ActiveCfg = Debug|Any CPU
		{ED772B24-12B8-47F8-8A75-C8374FB85052}.Debug|Any CPU.Build.0 = Debug|Any CPU
		{ED772B24-12B8-47F8-8A75-C8374FB85052}.Release|Any CPU.ActiveCfg = Release|Any CPU
		{ED772B24-12B8-47F8-8A75-C8374FB85052}.Release|Any CPU.Build.0 = Release|Any CPU
	EndGlobalSection
	GlobalSection(SolutionProperties) = preSolution
		HideSolutionNode = FALSE
	EndGlobalSection
	GlobalSection(ExtensibilityGlobals) = postSolution
		SolutionGuid = {F0130375-F7C1-4830-8C34-883AD4EACA85}
	EndGlobalSection
EndGlobal
